
Microsoft Visual Studio Solution File, Format Version 11.00
# Visual Studio 2010
Project("{FAE04EC0-301F-11D3-BF4B-00C04F79EFBC}") = "mCubed.Core", "mCubed.Core\mCubed.Core.csproj", "{ABB93DA8-2D48-468D-AC5D-AEABED4FA52B}"
EndProject
Global
	GlobalSection(SolutionConfigurationPlatforms) = preSolution
		Debug|Any CPU = Debug|Any CPU
		Release|Any CPU = Release|Any CPU
	EndGlobalSection
	GlobalSection(ProjectConfigurationPlatforms) = postSolution
		{ABB93DA8-2D48-468D-AC5D-AEABED4FA52B}.Debug|Any CPU.ActiveCfg = Debug|Any CPU
		{ABB93DA8-2D48-468D-AC5D-AEABED4FA52B}.Debug|Any CPU.Build.0 = Debug|Any CPU
		{ABB93DA8-2D48-468D-AC5D-AEABED4FA52B}.Release|Any CPU.ActiveCfg = Release|Any CPU
		{ABB93DA8-2D48-468D-AC5D-AEABED4FA52B}.Release|Any CPU.Build.0 = Release|Any CPU
	EndGlobalSection
	GlobalSection(SolutionProperties) = preSolution
		HideSolutionNode = FALSE
	EndGlobalSection
EndGlobal
